
Microsoft Visual Studio Solution File, Format Version 12.00
# Visual Studio Version 17
VisualStudioVersion = 17.6.33829.357
MinimumVisualStudioVersion = 10.0.40219.1
Project("{9A19103F-16F7-4668-BE54-9A1E7A4F7556}") = "Presentation.Api", "Presentation.Api.csproj", "{55811D6B-15B7-4A9A-85B5-4463D9D40D2D}"
EndProject
Project("{2150E333-8FDC-42A3-9474-1A3956D46DE8}") = "2 - Application", "2 - Application", "{77A8BB07-1E07-47DE-85C3-98E5F7E878A8}"
EndProject
Project("{2150E333-8FDC-42A3-9474-1A3956D46DE8}") = "1 - Presentation", "1 - Presentation", "{962C828B-F67E-4DEC-9ACC-238203A975F7}"
EndProject
Project("{9A19103F-16F7-4668-BE54-9A1E7A4F7556}") = "Application.Service", "..\Application.Service\Application.Service.csproj", "{80E412A7-EBA1-4EDE-A5CD-9FBCEE586738}"
EndProject
Project("{9A19103F-16F7-4668-BE54-9A1E7A4F7556}") = "Application.Dto", "..\Application.Dto\Application.Dto.csproj", "{6E3355ED-2B6E-4D04-A270-43C1E1BE9824}"
EndProject
Project("{2150E333-8FDC-42A3-9474-1A3956D46DE8}") = "3 - Tests", "3 - Tests", "{08B3549C-D555-4DC4-A489-63F95021BCC5}"
EndProject
Project("{FAE04EC0-301F-11D3-BF4B-00C04F79EFBC}") = "Unit.Tests", "..\Unit.Tests\Unit.Tests.csproj", "{7BBD67BA-5798-4D8F-913A-A0BDDA6E1A3E}"
EndProject
Global
	GlobalSection(SolutionConfigurationPlatforms) = preSolution
		Debug|Any CPU = Debug|Any CPU
		Release|Any CPU = Release|Any CPU
	EndGlobalSection
	GlobalSection(ProjectConfigurationPlatforms) = postSolution
		{55811D6B-15B7-4A9A-85B5-4463D9D40D2D}.Debug|Any CPU.ActiveCfg = Debug|Any CPU
		{55811D6B-15B7-4A9A-85B5-4463D9D40D2D}.Debug|Any CPU.Build.0 = Debug|Any CPU
		{55811D6B-15B7-4A9A-85B5-4463D9D40D2D}.Release|Any CPU.ActiveCfg = Release|Any CPU
		{55811D6B-15B7-4A9A-85B5-4463D9D40D2D}.Release|Any CPU.Build.0 = Release|Any CPU
		{80E412A7-EBA1-4EDE-A5CD-9FBCEE586738}.Debug|Any CPU.ActiveCfg = Debug|Any CPU
		{80E412A7-EBA1-4EDE-A5CD-9FBCEE586738}.Debug|Any CPU.Build.0 = Debug|Any CPU
		{80E412A7-EBA1-4EDE-A5CD-9FBCEE586738}.Release|Any CPU.ActiveCfg = Release|Any CPU
		{80E412A7-EBA1-4EDE-A5CD-9FBCEE586738}.Release|Any CPU.Build.0 = Release|Any CPU
		{6E3355ED-2B6E-4D04-A270-43C1E1BE9824}.Debug|Any CPU.ActiveCfg = Debug|Any CPU
		{6E3355ED-2B6E-4D04-A270-43C1E1BE9824}.Debug|Any CPU.Build.0 = Debug|Any CPU
		{6E3355ED-2B6E-4D04-A270-43C1E1BE9824}.Release|Any CPU.ActiveCfg = Release|Any CPU
		{6E3355ED-2B6E-4D04-A270-43C1E1BE9824}.Release|Any CPU.Build.0 = Release|Any CPU
		{7BBD67BA-5798-4D8F-913A-A0BDDA6E1A3E}.Debug|Any CPU.ActiveCfg = Debug|Any CPU
		{7BBD67BA-5798-4D8F-913A-A0BDDA6E1A3E}.Debug|Any CPU.Build.0 = Debug|Any CPU
		{7BBD67BA-5798-4D8F-913A-A0BDDA6E1A3E}.Release|Any CPU.ActiveCfg = Release|Any CPU
		{7BBD67BA-5798-4D8F-913A-A0BDDA6E1A3E}.Release|Any CPU.Build.0 = Release|Any CPU
	EndGlobalSection
	GlobalSection(SolutionProperties) = preSolution
		HideSolutionNode = FALSE
	EndGlobalSection
	GlobalSection(NestedProjects) = preSolution
		{55811D6B-15B7-4A9A-85B5-4463D9D40D2D} = {962C828B-F67E-4DEC-9ACC-238203A975F7}
		{80E412A7-EBA1-4EDE-A5CD-9FBCEE586738} = {77A8BB07-1E07-47DE-85C3-98E5F7E878A8}
		{6E3355ED-2B6E-4D04-A270-43C1E1BE9824} = {77A8BB07-1E07-47DE-85C3-98E5F7E878A8}
		{7BBD67BA-5798-4D8F-913A-A0BDDA6E1A3E} = {08B3549C-D555-4DC4-A489-63F95021BCC5}
	EndGlobalSection
	GlobalSection(ExtensibilityGlobals) = postSolution
		SolutionGuid = {FAE75A6C-E766-4169-9EEF-48B80E528964}
	EndGlobalSection
EndGlobal
